{
  "name": "unraid-monorepo",
  "version": "4.7.0",
  "lockfileVersion": 3,
  "requires": true,
  "packages": {
    "": {
      "name": "unraid-monorepo",
      "version": "4.7.0",
      "dependencies": {
        "@manypkg/cli": "^0.23.0",
        "chalk": "^5.0.0",
        "diff": "^7.0.0",
        "ignore": "^7.0.0"
      }
    },
    "node_modules/@manypkg/cli": {
      "version": "0.23.0",
      "resolved": "https://registry.npmjs.org/@manypkg/cli/-/cli-0.23.0.tgz",
      "integrity": "sha512-9N0GuhUZhrDbOS2rer1/ZWaO8RvPOUI+kKTwlq74iQXomL+725E9Vfvl9U64FYwnLkQCxCmPZ9nBs/u8JwFnSw==",
      "license": "MIT",
      "dependencies": {
        "@manypkg/get-packages": "^2.2.1",
        "detect-indent": "^6.0.0",
        "normalize-path": "^3.0.0",
        "p-limit": "^2.2.1",
        "package-json": "^10.0.1",
        "parse-github-url": "^1.0.2",
        "picocolors": "^1.1.0",
        "sembear": "^0.7.0",
        "semver": "^7.6.3",
        "tinyexec": "^0.3.1",
        "validate-npm-package-name": "^5.0.1"
      },
      "bin": {
        "manypkg": "bin.js"
      },
      "engines": {
        "node": ">=18.0.0"
      }
    },
    "node_modules/@manypkg/find-root": {
      "version": "2.2.3",
      "resolved": "https://registry.npmjs.org/@manypkg/find-root/-/find-root-2.2.3.tgz",
      "integrity": "sha512-jtEZKczWTueJYHjGpxU3KJQ08Gsrf4r6Q2GjmPp/RGk5leeYAA1eyDADSAF+KVCsQ6EwZd/FMcOFCoMhtqdCtQ==",
      "license": "MIT",
      "dependencies": {
        "@manypkg/tools": "^1.1.2"
      },
      "engines": {
        "node": ">=14.18.0"
      }
    },
    "node_modules/@manypkg/get-packages": {
      "version": "2.2.2",
      "resolved": "https://registry.npmjs.org/@manypkg/get-packages/-/get-packages-2.2.2.tgz",
      "integrity": "sha512-3+Zd8kLZmsyJFmWTBtY0MAuCErI7yKB2cjMBlujvSVKZ2R/BMXi0kjCXu2dtRlSq/ML86t1FkumT0yreQ3n8OQ==",
      "license": "MIT",
      "dependencies": {
        "@manypkg/find-root": "^2.2.2",
        "@manypkg/tools": "^1.1.1"
      },
      "engines": {
        "node": ">=14.18.0"
      }
    },
    "node_modules/@manypkg/tools": {
      "version": "1.1.2",
      "resolved": "https://registry.npmjs.org/@manypkg/tools/-/tools-1.1.2.tgz",
      "integrity": "sha512-3lBouSuF7CqlseLB+FKES0K4FQ02JrbEoRtJhxnsyB1s5v4AP03gsoohN8jp7DcOImhaR9scYdztq3/sLfk/qQ==",
      "license": "MIT",
      "dependencies": {
        "fast-glob": "^3.3.2",
        "jju": "^1.4.0",
        "js-yaml": "^4.1.0"
      },
      "engines": {
        "node": ">=14.18.0"
      }
    },
    "node_modules/@nodelib/fs.scandir": {
      "version": "2.1.5",
      "resolved": "https://registry.npmjs.org/@nodelib/fs.scandir/-/fs.scandir-2.1.5.tgz",
      "integrity": "sha512-vq24Bq3ym5HEQm2NKCr3yXDwjc7vTsEThRDnkp2DK9p1uqLR+DHurm/NOTo0KG7HYHU7eppKZj3MyqYuMBf62g==",
      "license": "MIT",
      "dependencies": {
        "@nodelib/fs.stat": "2.0.5",
        "run-parallel": "^1.1.9"
      },
      "engines": {
        "node": ">= 8"
      }
    },
    "node_modules/@nodelib/fs.stat": {
      "version": "2.0.5",
      "resolved": "https://registry.npmjs.org/@nodelib/fs.stat/-/fs.stat-2.0.5.tgz",
      "integrity": "sha512-RkhPPp2zrqDAQA/2jNhnztcPAlv64XdhIp7a7454A5ovI7Bukxgt7MX7udwAu3zg1DcpPU0rz3VV1SeaqvY4+A==",
      "license": "MIT",
      "engines": {
        "node": ">= 8"
      }
    },
    "node_modules/@nodelib/fs.walk": {
      "version": "1.2.8",
      "resolved": "https://registry.npmjs.org/@nodelib/fs.walk/-/fs.walk-1.2.8.tgz",
      "integrity": "sha512-oGB+UxlgWcgQkgwo8GcEGwemoTFt3FIO9ababBmaGwXIoBKZ+GTy0pP185beGg7Llih/NSHSV2XAs1lnznocSg==",
      "license": "MIT",
      "dependencies": {
        "@nodelib/fs.scandir": "2.1.5",
        "fastq": "^1.6.0"
      },
      "engines": {
        "node": ">= 8"
      }
    },
    "node_modules/@pnpm/config.env-replace": {
      "version": "1.1.0",
      "resolved": "https://registry.npmjs.org/@pnpm/config.env-replace/-/config.env-replace-1.1.0.tgz",
      "integrity": "sha512-htyl8TWnKL7K/ESFa1oW2UB5lVDxuF5DpM7tBi6Hu2LNL3mWkIzNLG6N4zoCUP1lCKNxWy/3iu8mS8MvToGd6w==",
      "license": "MIT",
      "engines": {
        "node": ">=12.22.0"
      }
    },
    "node_modules/@pnpm/network.ca-file": {
      "version": "1.0.2",
      "resolved": "https://registry.npmjs.org/@pnpm/network.ca-file/-/network.ca-file-1.0.2.tgz",
      "integrity": "sha512-YcPQ8a0jwYU9bTdJDpXjMi7Brhkr1mXsXrUJvjqM2mQDgkRiz8jFaQGOdaLxgjtUfQgZhKy/O3cG/YwmgKaxLA==",
      "license": "MIT",
      "dependencies": {
        "graceful-fs": "4.2.10"
      },
      "engines": {
        "node": ">=12.22.0"
      }
    },
    "node_modules/@pnpm/npm-conf": {
      "version": "2.3.1",
      "resolved": "https://registry.npmjs.org/@pnpm/npm-conf/-/npm-conf-2.3.1.tgz",
      "integrity": "sha512-c83qWb22rNRuB0UaVCI0uRPNRr8Z0FWnEIvT47jiHAmOIUHbBOg5XvV7pM5x+rKn9HRpjxquDbXYSXr3fAKFcw==",
      "license": "MIT",
      "dependencies": {
        "@pnpm/config.env-replace": "^1.1.0",
        "@pnpm/network.ca-file": "^1.0.1",
        "config-chain": "^1.1.11"
      },
      "engines": {
        "node": ">=12"
      }
    },
    "node_modules/argparse": {
      "version": "2.0.1",
      "resolved": "https://registry.npmjs.org/argparse/-/argparse-2.0.1.tgz",
      "integrity": "sha512-8+9WqebbFzpX9OR+Wa6O29asIogeRMzcGtAINdpMHHyAg10f05aSFVBbcEqGf/PXw1EjAZ+q2/bEBg3DvurK3Q==",
      "license": "Python-2.0"
    },
    "node_modules/braces": {
      "version": "3.0.3",
      "resolved": "https://registry.npmjs.org/braces/-/braces-3.0.3.tgz",
      "integrity": "sha512-yQbXgO/OSZVD2IsiLlro+7Hf6Q18EJrKSEsdoMzKePKXct3gvD8oLcOQdIzGupr5Fj+EDe8gO/lxc1BzfMpxvA==",
      "license": "MIT",
      "dependencies": {
        "fill-range": "^7.1.1"
      },
      "engines": {
        "node": ">=8"
      }
    },
    "node_modules/chalk": {
      "version": "5.4.1",
      "resolved": "https://registry.npmjs.org/chalk/-/chalk-5.4.1.tgz",
      "integrity": "sha512-zgVZuo2WcZgfUEmsn6eO3kINexW8RAE4maiQ8QNs8CtpPCSyMiYsULR3HQYkm3w8FIA3SberyMJMSldGsW+U3w==",
      "license": "MIT",
      "engines": {
        "node": "^12.17.0 || ^14.13 || >=16.0.0"
      },
      "funding": {
        "url": "https://github.com/chalk/chalk?sponsor=1"
      }
    },
    "node_modules/config-chain": {
      "version": "1.1.13",
      "resolved": "https://registry.npmjs.org/config-chain/-/config-chain-1.1.13.tgz",
      "integrity": "sha512-qj+f8APARXHrM0hraqXYb2/bOVSV4PvJQlNZ/DVj0QrmNM2q2euizkeuVckQ57J+W0mRH6Hvi+k50M4Jul2VRQ==",
      "license": "MIT",
      "dependencies": {
        "ini": "^1.3.4",
        "proto-list": "~1.2.1"
      }
    },
    "node_modules/deep-extend": {
      "version": "0.6.0",
      "resolved": "https://registry.npmjs.org/deep-extend/-/deep-extend-0.6.0.tgz",
      "integrity": "sha512-LOHxIOaPYdHlJRtCQfDIVZtfw/ufM8+rVj649RIHzcm/vGwQRXFt6OPqIFWsm2XEMrNIEtWR64sY1LEKD2vAOA==",
      "license": "MIT",
      "engines": {
        "node": ">=4.0.0"
      }
    },
    "node_modules/detect-indent": {
      "version": "6.1.0",
      "resolved": "https://registry.npmjs.org/detect-indent/-/detect-indent-6.1.0.tgz",
      "integrity": "sha512-reYkTUJAZb9gUuZ2RvVCNhVHdg62RHnJ7WJl8ftMi4diZ6NWlciOzQN88pUhSELEwflJht4oQDv0F0BMlwaYtA==",
      "license": "MIT",
      "engines": {
        "node": ">=8"
      }
    },
    "node_modules/diff": {
      "version": "7.0.0",
      "resolved": "https://registry.npmjs.org/diff/-/diff-7.0.0.tgz",
      "integrity": "sha512-PJWHUb1RFevKCwaFA9RlG5tCd+FO5iRh9A8HEtkmBH2Li03iJriB6m6JIN4rGz3K3JLawI7/veA1xzRKP6ISBw==",
      "license": "BSD-3-Clause",
      "engines": {
        "node": ">=0.3.1"
      }
    },
    "node_modules/fast-glob": {
      "version": "3.3.3",
      "resolved": "https://registry.npmjs.org/fast-glob/-/fast-glob-3.3.3.tgz",
      "integrity": "sha512-7MptL8U0cqcFdzIzwOTHoilX9x5BrNqye7Z/LuC7kCMRio1EMSyqRK3BEAUD7sXRq4iT4AzTVuZdhgQ2TCvYLg==",
      "license": "MIT",
      "dependencies": {
        "@nodelib/fs.stat": "^2.0.2",
        "@nodelib/fs.walk": "^1.2.3",
        "glob-parent": "^5.1.2",
        "merge2": "^1.3.0",
        "micromatch": "^4.0.8"
      },
      "engines": {
        "node": ">=8.6.0"
      }
    },
    "node_modules/fastq": {
      "version": "1.19.1",
      "resolved": "https://registry.npmjs.org/fastq/-/fastq-1.19.1.tgz",
      "integrity": "sha512-GwLTyxkCXjXbxqIhTsMI2Nui8huMPtnxg7krajPJAjnEG/iiOS7i+zCtWGZR9G0NBKbXKh6X9m9UIsYX/N6vvQ==",
      "license": "ISC",
      "dependencies": {
        "reusify": "^1.0.4"
      }
    },
    "node_modules/fill-range": {
      "version": "7.1.1",
      "resolved": "https://registry.npmjs.org/fill-range/-/fill-range-7.1.1.tgz",
      "integrity": "sha512-YsGpe3WHLK8ZYi4tWDg2Jy3ebRz2rXowDxnld4bkQB00cc/1Zw9AWnC0i9ztDJitivtQvaI9KaLyKrc+hBW0yg==",
      "license": "MIT",
      "dependencies": {
        "to-regex-range": "^5.0.1"
      },
      "engines": {
        "node": ">=8"
      }
    },
    "node_modules/glob-parent": {
      "version": "5.1.2",
      "resolved": "https://registry.npmjs.org/glob-parent/-/glob-parent-5.1.2.tgz",
      "integrity": "sha512-AOIgSQCepiJYwP3ARnGx+5VnTu2HBYdzbGP45eLw1vr3zB3vZLeyed1sC9hnbcOc9/SrMyM5RPQrkGz4aS9Zow==",
      "license": "ISC",
      "dependencies": {
        "is-glob": "^4.0.1"
      },
      "engines": {
        "node": ">= 6"
      }
    },
    "node_modules/graceful-fs": {
      "version": "4.2.10",
      "resolved": "https://registry.npmjs.org/graceful-fs/-/graceful-fs-4.2.10.tgz",
      "integrity": "sha512-9ByhssR2fPVsNZj478qUUbKfmL0+t5BDVyjShtyZZLiK7ZDAArFFfopyOTj0M05wE2tJPisA4iTnnXl2YoPvOA==",
      "license": "ISC"
    },
    "node_modules/ignore": {
      "version": "7.0.4",
      "resolved": "https://registry.npmjs.org/ignore/-/ignore-7.0.4.tgz",
      "integrity": "sha512-gJzzk+PQNznz8ysRrC0aOkBNVRBDtE1n53IqyqEf3PXrYwomFs5q4pGMizBMJF+ykh03insJ27hB8gSrD2Hn8A==",
      "license": "MIT",
      "engines": {
        "node": ">= 4"
      }
    },
    "node_modules/ini": {
      "version": "1.3.8",
      "resolved": "https://registry.npmjs.org/ini/-/ini-1.3.8.tgz",
      "integrity": "sha512-JV/yugV2uzW5iMRSiZAyDtQd+nxtUnjeLt0acNdw98kKLrvuRVyB80tsREOE7yvGVgalhZ6RNXCmEHkUKBKxew==",
      "license": "ISC"
    },
    "node_modules/is-extglob": {
      "version": "2.1.1",
      "resolved": "https://registry.npmjs.org/is-extglob/-/is-extglob-2.1.1.tgz",
      "integrity": "sha512-SbKbANkN603Vi4jEZv49LeVJMn4yGwsbzZworEoyEiutsN3nJYdbO36zfhGJ6QEDpOZIFkDtnq5JRxmvl3jsoQ==",
      "license": "MIT",
      "engines": {
        "node": ">=0.10.0"
      }
    },
    "node_modules/is-glob": {
      "version": "4.0.3",
      "resolved": "https://registry.npmjs.org/is-glob/-/is-glob-4.0.3.tgz",
      "integrity": "sha512-xelSayHH36ZgE7ZWhli7pW34hNbNl8Ojv5KVmkJD4hBdD3th8Tfk9vYasLM+mXWOZhFkgZfxhLSnrwRr4elSSg==",
      "license": "MIT",
      "dependencies": {
        "is-extglob": "^2.1.1"
      },
      "engines": {
        "node": ">=0.10.0"
      }
    },
    "node_modules/is-number": {
      "version": "7.0.0",
      "resolved": "https://registry.npmjs.org/is-number/-/is-number-7.0.0.tgz",
      "integrity": "sha512-41Cifkg6e8TylSpdtTpeLVMqvSBEVzTttHvERD741+pnZ8ANv0004MRL43QKPDlK9cGvNp6NZWZUBlbGXYxxng==",
      "license": "MIT",
      "engines": {
        "node": ">=0.12.0"
      }
    },
    "node_modules/jju": {
      "version": "1.4.0",
      "resolved": "https://registry.npmjs.org/jju/-/jju-1.4.0.tgz",
      "integrity": "sha512-8wb9Yw966OSxApiCt0K3yNJL8pnNeIv+OEq2YMidz4FKP6nonSRoOXc80iXY4JaN2FC11B9qsNmDsm+ZOfMROA==",
      "license": "MIT"
    },
    "node_modules/js-yaml": {
      "version": "4.1.0",
      "resolved": "https://registry.npmjs.org/js-yaml/-/js-yaml-4.1.0.tgz",
      "integrity": "sha512-wpxZs9NoxZaJESJGIZTyDEaYpl0FKSA+FB9aJiyemKhMwkxQg63h4T1KJgUGHpTqPDNRcmmYLugrRjJlBtWvRA==",
      "license": "MIT",
      "dependencies": {
        "argparse": "^2.0.1"
      },
      "bin": {
        "js-yaml": "bin/js-yaml.js"
      }
    },
    "node_modules/ky": {
      "version": "1.8.1",
      "resolved": "https://registry.npmjs.org/ky/-/ky-1.8.1.tgz",
      "integrity": "sha512-7Bp3TpsE+L+TARSnnDpk3xg8Idi8RwSLdj6CMbNWoOARIrGrbuLGusV0dYwbZOm4bB3jHNxSw8Wk/ByDqJEnDw==",
      "license": "MIT",
      "engines": {
        "node": ">=18"
      },
      "funding": {
        "url": "https://github.com/sindresorhus/ky?sponsor=1"
      }
    },
    "node_modules/merge2": {
      "version": "1.4.1",
      "resolved": "https://registry.npmjs.org/merge2/-/merge2-1.4.1.tgz",
      "integrity": "sha512-8q7VEgMJW4J8tcfVPy8g09NcQwZdbwFEqhe/WZkoIzjn/3TGDwtOCYtXGxA3O8tPzpczCCDgv+P2P5y00ZJOOg==",
      "license": "MIT",
      "engines": {
        "node": ">= 8"
      }
    },
    "node_modules/micromatch": {
      "version": "4.0.8",
      "resolved": "https://registry.npmjs.org/micromatch/-/micromatch-4.0.8.tgz",
      "integrity": "sha512-PXwfBhYu0hBCPw8Dn0E+WDYb7af3dSLVWKi3HGv84IdF4TyFoC0ysxFd0Goxw7nSv4T/PzEJQxsYsEiFCKo2BA==",
      "license": "MIT",
      "dependencies": {
        "braces": "^3.0.3",
        "picomatch": "^2.3.1"
      },
      "engines": {
        "node": ">=8.6"
      }
    },
    "node_modules/minimist": {
      "version": "1.2.8",
      "resolved": "https://registry.npmjs.org/minimist/-/minimist-1.2.8.tgz",
      "integrity": "sha512-2yyAR8qBkN3YuheJanUpWC5U3bb5osDywNB8RzDVlDwDHbocAJveqqj1u8+SVD7jkWT4yvsHCpWqqWqAxb0zCA==",
      "license": "MIT",
      "funding": {
        "url": "https://github.com/sponsors/ljharb"
      }
    },
    "node_modules/normalize-path": {
      "version": "3.0.0",
      "resolved": "https://registry.npmjs.org/normalize-path/-/normalize-path-3.0.0.tgz",
      "integrity": "sha512-6eZs5Ls3WtCisHWp9S2GUy8dqkpGi4BVSz3GaqiE6ezub0512ESztXUwUB6C6IKbQkY2Pnb/mD4WYojCRwcwLA==",
      "license": "MIT",
      "engines": {
        "node": ">=0.10.0"
      }
    },
    "node_modules/p-limit": {
      "version": "2.3.0",
      "resolved": "https://registry.npmjs.org/p-limit/-/p-limit-2.3.0.tgz",
      "integrity": "sha512-//88mFWSJx8lxCzwdAABTJL2MyWB12+eIY7MDL2SqLmAkeKU9qxRvWuSyTjm3FUmpBEMuFfckAIqEaVGUDxb6w==",
      "license": "MIT",
      "dependencies": {
        "p-try": "^2.0.0"
      },
      "engines": {
        "node": ">=6"
      },
      "funding": {
        "url": "https://github.com/sponsors/sindresorhus"
      }
    },
    "node_modules/p-try": {
      "version": "2.2.0",
      "resolved": "https://registry.npmjs.org/p-try/-/p-try-2.2.0.tgz",
      "integrity": "sha512-R4nPAVTAU0B9D35/Gk3uJf/7XYbQcyohSKdvAxIRSNghFl4e71hVoGnBNQz9cWaXxO2I10KTC+3jMdvvoKw6dQ==",
      "license": "MIT",
      "engines": {
        "node": ">=6"
      }
    },
    "node_modules/package-json": {
      "version": "10.0.1",
      "resolved": "https://registry.npmjs.org/package-json/-/package-json-10.0.1.tgz",
      "integrity": "sha512-ua1L4OgXSBdsu1FPb7F3tYH0F48a6kxvod4pLUlGY9COeJAJQNX/sNH2IiEmsxw7lqYiAwrdHMjz1FctOsyDQg==",
      "license": "MIT",
      "dependencies": {
        "ky": "^1.2.0",
        "registry-auth-token": "^5.0.2",
        "registry-url": "^6.0.1",
        "semver": "^7.6.0"
      },
      "engines": {
        "node": ">=18"
      },
      "funding": {
        "url": "https://github.com/sponsors/sindresorhus"
      }
    },
    "node_modules/parse-github-url": {
      "version": "1.0.3",
      "resolved": "https://registry.npmjs.org/parse-github-url/-/parse-github-url-1.0.3.tgz",
      "integrity": "sha512-tfalY5/4SqGaV/GIGzWyHnFjlpTPTNpENR9Ea2lLldSJ8EWXMsvacWucqY3m3I4YPtas15IxTLQVQ5NSYXPrww==",
      "license": "MIT",
      "bin": {
        "parse-github-url": "cli.js"
      },
      "engines": {
        "node": ">= 0.10"
      }
    },
    "node_modules/picocolors": {
      "version": "1.1.1",
      "resolved": "https://registry.npmjs.org/picocolors/-/picocolors-1.1.1.tgz",
      "integrity": "sha512-xceH2snhtb5M9liqDsmEw56le376mTZkEX/jEb/RxNFyegNul7eNslCXP9FDj/Lcu0X8KEyMceP2ntpaHrDEVA==",
      "license": "ISC"
    },
    "node_modules/picomatch": {
      "version": "2.3.1",
      "resolved": "https://registry.npmjs.org/picomatch/-/picomatch-2.3.1.tgz",
      "integrity": "sha512-JU3teHTNjmE2VCGFzuY8EXzCDVwEqB2a8fsIvwaStHhAWJEeVd1o1QD80CU6+ZdEXXSLbSsuLwJjkCBWqRQUVA==",
      "license": "MIT",
      "engines": {
        "node": ">=8.6"
      },
      "funding": {
        "url": "https://github.com/sponsors/jonschlinkert"
      }
    },
    "node_modules/proto-list": {
      "version": "1.2.4",
      "resolved": "https://registry.npmjs.org/proto-list/-/proto-list-1.2.4.tgz",
      "integrity": "sha512-vtK/94akxsTMhe0/cbfpR+syPuszcuwhqVjJq26CuNDgFGj682oRBXOP5MJpv2r7JtE8MsiepGIqvvOTBwn2vA==",
      "license": "ISC"
    },
    "node_modules/queue-microtask": {
      "version": "1.2.3",
      "resolved": "https://registry.npmjs.org/queue-microtask/-/queue-microtask-1.2.3.tgz",
      "integrity": "sha512-NuaNSa6flKT5JaSYQzJok04JzTL1CA6aGhv5rfLW3PgqA+M2ChpZQnAC8h8i4ZFkBS8X5RqkDBHA7r4hej3K9A==",
      "funding": [
        {
          "type": "github",
          "url": "https://github.com/sponsors/feross"
        },
        {
          "type": "patreon",
          "url": "https://www.patreon.com/feross"
        },
        {
          "type": "consulting",
          "url": "https://feross.org/support"
        }
      ],
      "license": "MIT"
    },
    "node_modules/rc": {
      "version": "1.2.8",
      "resolved": "https://registry.npmjs.org/rc/-/rc-1.2.8.tgz",
      "integrity": "sha512-y3bGgqKj3QBdxLbLkomlohkvsA8gdAiUQlSBJnBhfn+BPxg4bc62d8TcBW15wavDfgexCgccckhcZvywyQYPOw==",
      "license": "(BSD-2-Clause OR MIT OR Apache-2.0)",
      "dependencies": {
        "deep-extend": "^0.6.0",
        "ini": "~1.3.0",
        "minimist": "^1.2.0",
        "strip-json-comments": "~2.0.1"
      },
      "bin": {
        "rc": "cli.js"
      }
    },
    "node_modules/registry-auth-token": {
      "version": "5.1.0",
      "resolved": "https://registry.npmjs.org/registry-auth-token/-/registry-auth-token-5.1.0.tgz",
      "integrity": "sha512-GdekYuwLXLxMuFTwAPg5UKGLW/UXzQrZvH/Zj791BQif5T05T0RsaLfHc9q3ZOKi7n+BoprPD9mJ0O0k4xzUlw==",
      "license": "MIT",
      "dependencies": {
        "@pnpm/npm-conf": "^2.1.0"
      },
      "engines": {
        "node": ">=14"
      }
    },
    "node_modules/registry-url": {
      "version": "6.0.1",
      "resolved": "https://registry.npmjs.org/registry-url/-/registry-url-6.0.1.tgz",
      "integrity": "sha512-+crtS5QjFRqFCoQmvGduwYWEBng99ZvmFvF+cUJkGYF1L1BfU8C6Zp9T7f5vPAwyLkUExpvK+ANVZmGU49qi4Q==",
      "license": "MIT",
      "dependencies": {
        "rc": "1.2.8"
      },
      "engines": {
        "node": ">=12"
      },
      "funding": {
        "url": "https://github.com/sponsors/sindresorhus"
      }
    },
    "node_modules/reusify": {
      "version": "1.1.0",
      "resolved": "https://registry.npmjs.org/reusify/-/reusify-1.1.0.tgz",
      "integrity": "sha512-g6QUff04oZpHs0eG5p83rFLhHeV00ug/Yf9nZM6fLeUrPguBTkTQOdpAWWspMh55TZfVQDPaN3NQJfbVRAxdIw==",
      "license": "MIT",
      "engines": {
        "iojs": ">=1.0.0",
        "node": ">=0.10.0"
      }
    },
    "node_modules/run-parallel": {
      "version": "1.2.0",
      "resolved": "https://registry.npmjs.org/run-parallel/-/run-parallel-1.2.0.tgz",
      "integrity": "sha512-5l4VyZR86LZ/lDxZTR6jqL8AFE2S0IFLMP26AbjsLVADxHdhB/c0GUsH+y39UfCi3dzz8OlQuPmnaJOMoDHQBA==",
      "funding": [
        {
          "type": "github",
          "url": "https://github.com/sponsors/feross"
        },
        {
          "type": "patreon",
          "url": "https://www.patreon.com/feross"
        },
        {
          "type": "consulting",
          "url": "https://feross.org/support"
        }
      ],
      "license": "MIT",
      "dependencies": {
        "queue-microtask": "^1.2.2"
      }
    },
    "node_modules/sembear": {
      "version": "0.7.0",
      "resolved": "https://registry.npmjs.org/sembear/-/sembear-0.7.0.tgz",
      "integrity": "sha512-XyLTEich2D02FODCkfdto3mB9DetWPLuTzr4tvoofe9SvyM27h4nQSbV3+iVcYQz94AFyKtqBv5pcZbj3k2hdA==",
      "license": "MIT",
      "dependencies": {
        "semver": "^7.3.5"
      }
    },
    "node_modules/semver": {
      "version": "7.7.1",
      "resolved": "https://registry.npmjs.org/semver/-/semver-7.7.1.tgz",
      "integrity": "sha512-hlq8tAfn0m/61p4BVRcPzIGr6LKiMwo4VM6dGi6pt4qcRkmNzTcWq6eCEjEh+qXjkMDvPlOFFSGwQjoEa6gyMA==",
      "license": "ISC",
      "bin": {
        "semver": "bin/semver.js"
      },
      "engines": {
        "node": ">=10"
      }
    },
    "node_modules/strip-json-comments": {
      "version": "2.0.1",
      "resolved": "https://registry.npmjs.org/strip-json-comments/-/strip-json-comments-2.0.1.tgz",
      "integrity": "sha512-4gB8na07fecVVkOI6Rs4e7T6NOTki5EmL7TUduTs6bu3EdnSycntVJ4re8kgZA+wx9IueI2Y11bfbgwtzuE0KQ==",
      "license": "MIT",
      "engines": {
        "node": ">=0.10.0"
      }
    },
    "node_modules/tinyexec": {
      "version": "0.3.2",
      "resolved": "https://registry.npmjs.org/tinyexec/-/tinyexec-0.3.2.tgz",
      "integrity": "sha512-KQQR9yN7R5+OSwaK0XQoj22pwHoTlgYqmUscPYoknOoWCWfj/5/ABTMRi69FrKU5ffPVh5QcFikpWJI/P1ocHA==",
      "license": "MIT"
    },
    "node_modules/to-regex-range": {
      "version": "5.0.1",
      "resolved": "https://registry.npmjs.org/to-regex-range/-/to-regex-range-5.0.1.tgz",
      "integrity": "sha512-65P7iz6X5yEr1cwcgvQxbbIw7Uk3gOy5dIdtZ4rDveLqhrdJP+Li/Hx6tyK0NEb+2GCyneCMJiGqrADCSNk8sQ==",
      "license": "MIT",
      "dependencies": {
        "is-number": "^7.0.0"
      },
      "engines": {
        "node": ">=8.0"
      }
    },
    "node_modules/validate-npm-package-name": {
      "version": "5.0.1",
      "resolved": "https://registry.npmjs.org/validate-npm-package-name/-/validate-npm-package-name-5.0.1.tgz",
      "integrity": "sha512-OljLrQ9SQdOUqTaQxqL5dEfZWrXExyyWsozYlAWFawPVNuD83igl7uJD2RTkNMbniIYgt8l81eCJGIdQF7avLQ==",
      "license": "ISC",
      "engines": {
        "node": "^14.17.0 || ^16.13.0 || >=18.0.0"
      }
    }
  }
}
